
Microsoft Visual Studio Solution File, Format Version 11.00
# Visual Studio 2010
Project("{FAE04EC0-301F-11D3-BF4B-00C04F79EFBC}") = "Assembly-CSharp", "Assembly-CSharp.csproj", "{2649F10F-493D-16D6-363B-1B0793A20B30}"
EndProject
Project("{FAE04EC0-301F-11D3-BF4B-00C04F79EFBC}") = "Assembly-CSharp-firstpass", "Assembly-CSharp-firstpass.csproj", "{DEDEFEF7-E095-E67A-DE17-23827A8C7777}"
EndProject
Project("{FAE04EC0-301F-11D3-BF4B-00C04F79EFBC}") = "Assembly-CSharp-Editor", "Assembly-CSharp-Editor.csproj", "{3B9E1ABE-C158-0DB9-7E5C-3F8AD8CA40B4}"
EndProject
Project("{FAE04EC0-301F-11D3-BF4B-00C04F79EFBC}") = "Assembly-CSharp-Editor-firstpass", "Assembly-CSharp-Editor-firstpass.csproj", "{BD16B816-A5F2-C4C9-F8E4-1907C58304F2}"
EndProject
Global
	GlobalSection(SolutionConfigurationPlatforms) = preSolution
		Debug|Any CPU = Debug|Any CPU
		Release|Any CPU = Release|Any CPU
	EndGlobalSection
	GlobalSection(ProjectConfigurationPlatforms) = postSolution
		{2649F10F-493D-16D6-363B-1B0793A20B30}.Debug|Any CPU.ActiveCfg = Debug|Any CPU
		{2649F10F-493D-16D6-363B-1B0793A20B30}.Debug|Any CPU.Build.0 = Debug|Any CPU
		{2649F10F-493D-16D6-363B-1B0793A20B30}.Release|Any CPU.ActiveCfg = Release|Any CPU
		{2649F10F-493D-16D6-363B-1B0793A20B30}.Release|Any CPU.Build.0 = Release|Any CPU
		{DEDEFEF7-E095-E67A-DE17-23827A8C7777}.Debug|Any CPU.ActiveCfg = Debug|Any CPU
		{DEDEFEF7-E095-E67A-DE17-23827A8C7777}.Debug|Any CPU.Build.0 = Debug|Any CPU
		{DEDEFEF7-E095-E67A-DE17-23827A8C7777}.Release|Any CPU.ActiveCfg = Release|Any CPU
		{DEDEFEF7-E095-E67A-DE17-23827A8C7777}.Release|Any CPU.Build.0 = Release|Any CPU
		{3B9E1ABE-C158-0DB9-7E5C-3F8AD8CA40B4}.Debug|Any CPU.ActiveCfg = Debug|Any CPU
		{3B9E1ABE-C158-0DB9-7E5C-3F8AD8CA40B4}.Debug|Any CPU.Build.0 = Debug|Any CPU
		{3B9E1ABE-C158-0DB9-7E5C-3F8AD8CA40B4}.Release|Any CPU.ActiveCfg = Release|Any CPU
		{3B9E1ABE-C158-0DB9-7E5C-3F8AD8CA40B4}.Release|Any CPU.Build.0 = Release|Any CPU
		{BD16B816-A5F2-C4C9-F8E4-1907C58304F2}.Debug|Any CPU.ActiveCfg = Debug|Any CPU
		{BD16B816-A5F2-C4C9-F8E4-1907C58304F2}.Debug|Any CPU.Build.0 = Debug|Any CPU
		{BD16B816-A5F2-C4C9-F8E4-1907C58304F2}.Release|Any CPU.ActiveCfg = Release|Any CPU
		{BD16B816-A5F2-C4C9-F8E4-1907C58304F2}.Release|Any CPU.Build.0 = Release|Any CPU
	EndGlobalSection
	GlobalSection(SolutionProperties) = preSolution
		HideSolutionNode = FALSE
	EndGlobalSection
EndGlobal
